
Microsoft Visual Studio Solution File, Format Version 12.00
# Visual Studio Version 16
VisualStudioVersion = 16.0.31229.75
MinimumVisualStudioVersion = 10.0.40219.1
Project("{E24C65DC-7377-472B-9ABA-BC803B73C61A}") = "WebSite_ADO", "WebSite_ADO\", "{EF4F2C5E-69AD-41AE-B935-A46CEA4D4ADE}"
	ProjectSection(WebsiteProperties) = preProject
		TargetFrameworkMoniker = ".NETFramework,Version%3Dv4.7.2"
		Debug.AspNetCompiler.VirtualPath = "/localhost_1870"
		Debug.AspNetCompiler.PhysicalPath = "WebSite_ADO\"
		Debug.AspNetCompiler.TargetPath = "PrecompiledWeb\localhost_1870\"
		Debug.AspNetCompiler.Updateable = "true"
		Debug.AspNetCompiler.ForceOverwrite = "true"
		Debug.AspNetCompiler.FixedNames = "false"
		Debug.AspNetCompiler.Debug = "True"
		Release.AspNetCompiler.VirtualPath = "/localhost_1870"
		Release.AspNetCompiler.PhysicalPath = "WebSite_ADO\"
		Release.AspNetCompiler.TargetPath = "PrecompiledWeb\localhost_1870\"
		Release.AspNetCompiler.Updateable = "true"
		Release.AspNetCompiler.ForceOverwrite = "true"
		Release.AspNetCompiler.FixedNames = "false"
		Release.AspNetCompiler.Debug = "False"
		VWDPort = "1870"
		SlnRelativePath = "WebSite_ADO\"
		DefaultWebSiteLanguage = "Visual C#"
	EndProjectSection
EndProject
Project("{FAE04EC0-301F-11D3-BF4B-00C04F79EFBC}") = "WindowsFormsApp1", "WindowsFormsApp1\WindowsFormsApp1.csproj", "{785BA45E-8AD0-42B3-97CF-94F073F79F13}"
EndProject
Global
	GlobalSection(SolutionConfigurationPlatforms) = preSolution
		Debug|Any CPU = Debug|Any CPU
		Release|Any CPU = Release|Any CPU
	EndGlobalSection
	GlobalSection(ProjectConfigurationPlatforms) = postSolution
		{EF4F2C5E-69AD-41AE-B935-A46CEA4D4ADE}.Debug|Any CPU.ActiveCfg = Debug|Any CPU
		{EF4F2C5E-69AD-41AE-B935-A46CEA4D4ADE}.Debug|Any CPU.Build.0 = Debug|Any CPU
		{EF4F2C5E-69AD-41AE-B935-A46CEA4D4ADE}.Release|Any CPU.ActiveCfg = Debug|Any CPU
		{EF4F2C5E-69AD-41AE-B935-A46CEA4D4ADE}.Release|Any CPU.Build.0 = Debug|Any CPU
		{785BA45E-8AD0-42B3-97CF-94F073F79F13}.Debug|Any CPU.ActiveCfg = Debug|Any CPU
		{785BA45E-8AD0-42B3-97CF-94F073F79F13}.Debug|Any CPU.Build.0 = Debug|Any CPU
		{785BA45E-8AD0-42B3-97CF-94F073F79F13}.Release|Any CPU.ActiveCfg = Release|Any CPU
		{785BA45E-8AD0-42B3-97CF-94F073F79F13}.Release|Any CPU.Build.0 = Release|Any CPU
	EndGlobalSection
	GlobalSection(SolutionProperties) = preSolution
		HideSolutionNode = FALSE
	EndGlobalSection
	GlobalSection(ExtensibilityGlobals) = postSolution
		SolutionGuid = {B488EADB-B6E6-44AA-B0E0-7C0282A3448E}
	EndGlobalSection
EndGlobal
